
Microsoft Visual Studio Solution File, Format Version 12.00
# Visual Studio Version 17
VisualStudioVersion = 17.6.33723.286
MinimumVisualStudioVersion = 10.0.40219.1
Project("{9A19103F-16F7-4668-BE54-9A1E7A4F7556}") = "MediaOrganize.Net", "MediaOrganize.Net\MediaOrganize.Net.csproj", "{B12FC472-4C83-4932-8A55-04DF44D8C97D}"
EndProject
Project("{9A19103F-16F7-4668-BE54-9A1E7A4F7556}") = "MediaOrganize.Service", "MediaOrganize.Service\MediaOrganize.Service.csproj", "{1886B28B-7E5F-4439-B5CC-269296A9EDE3}"
EndProject
Project("{9A19103F-16F7-4668-BE54-9A1E7A4F7556}") = "MediaOrganize.Test", "MediaOrganize.Test\MediaOrganize.Test.csproj", "{49E09E80-C37F-4A05-B56D-DB30D29C9079}"
EndProject
Global
	GlobalSection(SolutionConfigurationPlatforms) = preSolution
		Debug|Any CPU = Debug|Any CPU
		Release|Any CPU = Release|Any CPU
	EndGlobalSection
	GlobalSection(ProjectConfigurationPlatforms) = postSolution
		{B12FC472-4C83-4932-8A55-04DF44D8C97D}.Debug|Any CPU.ActiveCfg = Debug|Any CPU
		{B12FC472-4C83-4932-8A55-04DF44D8C97D}.Debug|Any CPU.Build.0 = Debug|Any CPU
		{B12FC472-4C83-4932-8A55-04DF44D8C97D}.Release|Any CPU.ActiveCfg = Release|Any CPU
		{B12FC472-4C83-4932-8A55-04DF44D8C97D}.Release|Any CPU.Build.0 = Release|Any CPU
		{1886B28B-7E5F-4439-B5CC-269296A9EDE3}.Debug|Any CPU.ActiveCfg = Debug|Any CPU
		{1886B28B-7E5F-4439-B5CC-269296A9EDE3}.Debug|Any CPU.Build.0 = Debug|Any CPU
		{1886B28B-7E5F-4439-B5CC-269296A9EDE3}.Release|Any CPU.ActiveCfg = Release|Any CPU
		{1886B28B-7E5F-4439-B5CC-269296A9EDE3}.Release|Any CPU.Build.0 = Release|Any CPU
		{49E09E80-C37F-4A05-B56D-DB30D29C9079}.Debug|Any CPU.ActiveCfg = Debug|Any CPU
		{49E09E80-C37F-4A05-B56D-DB30D29C9079}.Debug|Any CPU.Build.0 = Debug|Any CPU
		{49E09E80-C37F-4A05-B56D-DB30D29C9079}.Release|Any CPU.ActiveCfg = Release|Any CPU
		{49E09E80-C37F-4A05-B56D-DB30D29C9079}.Release|Any CPU.Build.0 = Release|Any CPU
	EndGlobalSection
	GlobalSection(SolutionProperties) = preSolution
		HideSolutionNode = FALSE
	EndGlobalSection
	GlobalSection(ExtensibilityGlobals) = postSolution
		SolutionGuid = {BA3DAC01-3A7E-4C64-87E8-725B9E844A34}
	EndGlobalSection
EndGlobal
